// !$*UTF8*$!
{
	archiveVersion = 1;
	classes = {
	};
	objectVersion = 56;
	objects = {

/* Begin PBXBuildFile section */
		AABB00010000000000000001 /* HapticPatternTests.swift in Sources */ = {isa = PBXBuildFile; fileRef = AABB00020000000000000001 /* HapticPatternTests.swift */; };
		AABB00010000000000000002 /* HapticStatsTests.swift in Sources */ = {isa = PBXBuildFile; fileRef = AABB00020000000000000002 /* HapticStatsTests.swift */; };
		AABB00010000000000000003 /* CrownSpinComplicationTests.swift in Sources */ = {isa = PBXBuildFile; fileRef = AABB00020000000000000003 /* CrownSpinComplicationTests.swift */; };
		AABB00010000000000000004 /* HapticPattern.swift in Sources */ = {isa = PBXBuildFile; fileRef = C01234550000000000000004 /* HapticPattern.swift */; };
		AABB00010000000000000005 /* HapticStats.swift in Sources */ = {isa = PBXBuildFile; fileRef = DFF9BB3D2F3588300041DFEE /* HapticStats.swift */; };
		AABB00010000000000000006 /* CrownSpinComplication.swift in Sources */ = {isa = PBXBuildFile; fileRef = DFF9BB3C2F3588300041DFEE /* CrownSpinComplication.swift */; };
		BEEF00010000000000000001 /* CrownSpin Watch App.app in Embed Watch Content */ = {isa = PBXBuildFile; fileRef = C01234550000000000000010 /* CrownSpin Watch App.app */; settings = {ATTRIBUTES = (RemoveHeadersOnCopy, ); }; };
		BEEF00120000000000000001 /* PrivacyInfo.xcprivacy in Resources */ = {isa = PBXBuildFile; fileRef = BEEF00110000000000000001 /* PrivacyInfo.xcprivacy */; };
		BEEF00120000000000000002 /* PrivacyInfo.xcprivacy in Resources */ = {isa = PBXBuildFile; fileRef = BEEF00110000000000000002 /* PrivacyInfo.xcprivacy */; };
		C01234560000000000000001 /* CrownSpinApp.swift in Sources */ = {isa = PBXBuildFile; fileRef = C01234550000000000000001 /* CrownSpinApp.swift */; };
		C01234560000000000000002 /* ContentView.swift in Sources */ = {isa = PBXBuildFile; fileRef = C01234550000000000000002 /* ContentView.swift */; };
		C01234560000000000000004 /* HapticPattern.swift in Sources */ = {isa = PBXBuildFile; fileRef = C01234550000000000000004 /* HapticPattern.swift */; };
		C01234560000000000000005 /* Assets.xcassets in Resources */ = {isa = PBXBuildFile; fileRef = C01234550000000000000005 /* Assets.xcassets */; };
		DFF9BB402F3588300041DFEE /* PatternPicker.swift in Sources */ = {isa = PBXBuildFile; fileRef = DFF9BB3E2F3588300041DFEE /* PatternPicker.swift */; };
		DFF9BB422F3588300041DFEE /* HapticStats.swift in Sources */ = {isa = PBXBuildFile; fileRef = DFF9BB3D2F3588300041DFEE /* HapticStats.swift */; };
		DFF9BB432F3588300041DFEE /* StatsView.swift in Sources */ = {isa = PBXBuildFile; fileRef = DFF9BB3F2F3588300041DFEE /* StatsView.swift */; };
		DFF9BB542F3589000041DFEE /* ComplicationBundle.swift in Sources */ = {isa = PBXBuildFile; fileRef = DFF9BB502F3589000041DFEE /* ComplicationBundle.swift */; };
		DFF9BB552F3589000041DFEE /* CrownSpinComplication.swift in Sources */ = {isa = PBXBuildFile; fileRef = DFF9BB3C2F3588300041DFEE /* CrownSpinComplication.swift */; };
		DFF9BB562F3589000041DFEE /* HapticPattern.swift in Sources */ = {isa = PBXBuildFile; fileRef = C01234550000000000000004 /* HapticPattern.swift */; };
		DFF9BB572F3589000041DFEE /* Assets.xcassets in Resources */ = {isa = PBXBuildFile; fileRef = DFF9BB512F3589000041DFEE /* Assets.xcassets */; };
		DFF9BB582F3589000041DFEE /* CrownSpin Complication.appex in Embed Foundation Extensions */ = {isa = PBXBuildFile; fileRef = DFF9BB522F3589000041DFEE /* CrownSpin Complication.appex */; settings = {ATTRIBUTES = (RemoveHeadersOnCopy, ); }; };
/* End PBXBuildFile section */

/* Begin PBXContainerItemProxy section */
		BEEF00020000000000000001 /* PBXContainerItemProxy */ = {
			isa = PBXContainerItemProxy;
			containerPortal = C01234530000000000000001 /* Project object */;
			proxyType = 1;
			remoteGlobalIDString = C01234570000000000000001;
			remoteInfo = "CrownSpin Watch App";
		};
		DFF9BB5E2F3589000041DFEE /* PBXContainerItemProxy */ = {
			isa = PBXContainerItemProxy;
			containerPortal = C01234530000000000000001 /* Project object */;
			proxyType = 1;
			remoteGlobalIDString = DFF9BB602F3589000041DFEE;
			remoteInfo = "CrownSpin Complication";
		};
/* End PBXContainerItemProxy section */

/* Begin PBXCopyFilesBuildPhase section */
		BEEF00030000000000000001 /* Embed Watch Content */ = {
			isa = PBXCopyFilesBuildPhase;
			buildActionMask = 2147483647;
			dstPath = "$(CONTENTS_FOLDER_PATH)/Watch";
			dstSubfolderSpec = 16;
			files = (
				BEEF00010000000000000001 /* CrownSpin Watch App.app in Embed Watch Content */,
			);
			name = "Embed Watch Content";
			runOnlyForDeploymentPostprocessing = 0;
		};
		DFF9BB5D2F3589000041DFEE /* Embed Foundation Extensions */ = {
			isa = PBXCopyFilesBuildPhase;
			buildActionMask = 2147483647;
			dstPath = "";
			dstSubfolderSpec = 13;
			files = (
				DFF9BB582F3589000041DFEE /* CrownSpin Complication.appex in Embed Foundation Extensions */,
			);
			name = "Embed Foundation Extensions";
			runOnlyForDeploymentPostprocessing = 0;
		};
/* End PBXCopyFilesBuildPhase section */

/* Begin PBXFileReference section */
		AABB00020000000000000001 /* HapticPatternTests.swift */ = {isa = PBXFileReference; lastKnownFileType = sourcecode.swift; path = HapticPatternTests.swift; sourceTree = "<group>"; };
		AABB00020000000000000002 /* HapticStatsTests.swift */ = {isa = PBXFileReference; lastKnownFileType = sourcecode.swift; path = HapticStatsTests.swift; sourceTree = "<group>"; };
		AABB00020000000000000003 /* CrownSpinComplicationTests.swift */ = {isa = PBXFileReference; lastKnownFileType = sourcecode.swift; path = CrownSpinComplicationTests.swift; sourceTree = "<group>"; };
		AABB00020000000000000010 /* CrownSpinTests.xctest */ = {isa = PBXFileReference; explicitFileType = wrapper.cfbundle; includeInIndex = 0; path = CrownSpinTests.xctest; sourceTree = BUILT_PRODUCTS_DIR; };
		AABB00020000000000000020 /* CrownSpin Watch App.entitlements */ = {isa = PBXFileReference; lastKnownFileType = text.plist.entitlements; path = "CrownSpin Watch App.entitlements"; sourceTree = "<group>"; };
		AABB00020000000000000021 /* CrownSpin Complication.entitlements */ = {isa = PBXFileReference; lastKnownFileType = text.plist.entitlements; path = "CrownSpin Complication.entitlements"; sourceTree = "<group>"; };
		BEEF00040000000000000001 /* CrownSpin.app */ = {isa = PBXFileReference; explicitFileType = wrapper.application; includeInIndex = 0; path = CrownSpin.app; sourceTree = BUILT_PRODUCTS_DIR; };
		BEEF00110000000000000001 /* PrivacyInfo.xcprivacy */ = {isa = PBXFileReference; lastKnownFileType = text.xml; path = PrivacyInfo.xcprivacy; sourceTree = "<group>"; };
		BEEF00110000000000000002 /* PrivacyInfo.xcprivacy */ = {isa = PBXFileReference; lastKnownFileType = text.xml; path = PrivacyInfo.xcprivacy; sourceTree = "<group>"; };
		C01234550000000000000001 /* CrownSpinApp.swift */ = {isa = PBXFileReference; lastKnownFileType = sourcecode.swift; path = CrownSpinApp.swift; sourceTree = "<group>"; };
		C01234550000000000000002 /* ContentView.swift */ = {isa = PBXFileReference; lastKnownFileType = sourcecode.swift; path = ContentView.swift; sourceTree = "<group>"; };
		C01234550000000000000004 /* HapticPattern.swift */ = {isa = PBXFileReference; lastKnownFileType = sourcecode.swift; path = HapticPattern.swift; sourceTree = "<group>"; };
		C01234550000000000000005 /* Assets.xcassets */ = {isa = PBXFileReference; lastKnownFileType = folder.assetcatalog; path = Assets.xcassets; sourceTree = "<group>"; };
		C01234550000000000000006 /* Info.plist */ = {isa = PBXFileReference; lastKnownFileType = text.plist.xml; path = Info.plist; sourceTree = "<group>"; };
		C01234550000000000000010 /* CrownSpin Watch App.app */ = {isa = PBXFileReference; explicitFileType = wrapper.application; includeInIndex = 0; path = "CrownSpin Watch App.app"; sourceTree = BUILT_PRODUCTS_DIR; };
		DFF9BB3C2F3588300041DFEE /* CrownSpinComplication.swift */ = {isa = PBXFileReference; lastKnownFileType = sourcecode.swift; path = CrownSpinComplication.swift; sourceTree = "<group>"; };
		DFF9BB3D2F3588300041DFEE /* HapticStats.swift */ = {isa = PBXFileReference; lastKnownFileType = sourcecode.swift; path = HapticStats.swift; sourceTree = "<group>"; };
		DFF9BB3E2F3588300041DFEE /* PatternPicker.swift */ = {isa = PBXFileReference; lastKnownFileType = sourcecode.swift; path = PatternPicker.swift; sourceTree = "<group>"; };
		DFF9BB3F2F3588300041DFEE /* StatsView.swift */ = {isa = PBXFileReference; lastKnownFileType = sourcecode.swift; path = StatsView.swift; sourceTree = "<group>"; };
		DFF9BB502F3589000041DFEE /* ComplicationBundle.swift */ = {isa = PBXFileReference; lastKnownFileType = sourcecode.swift; path = ComplicationBundle.swift; sourceTree = "<group>"; };
		DFF9BB512F3589000041DFEE /* Assets.xcassets */ = {isa = PBXFileReference; lastKnownFileType = folder.assetcatalog; path = Assets.xcassets; sourceTree = "<group>"; };
		DFF9BB522F3589000041DFEE /* CrownSpin Complication.appex */ = {isa = PBXFileReference; explicitFileType = "wrapper.app-extension"; includeInIndex = 0; path = "CrownSpin Complication.appex"; sourceTree = BUILT_PRODUCTS_DIR; };
		DFF9BB532F3589000041DFEE /* Info.plist */ = {isa = PBXFileReference; lastKnownFileType = text.plist.xml; path = Info.plist; sourceTree = "<group>"; };
/* End PBXFileReference section */

/* Begin PBXFrameworksBuildPhase section */
		AABB00030000000000000001 /* Frameworks */ = {
			isa = PBXFrameworksBuildPhase;
			buildActionMask = 2147483647;
			files = (
			);
			runOnlyForDeploymentPostprocessing = 0;
		};
		C01234580000000000000001 /* Frameworks */ = {
			isa = PBXFrameworksBuildPhase;
			buildActionMask = 2147483647;
			files = (
			);
			runOnlyForDeploymentPostprocessing = 0;
		};
		DFF9BB5B2F3589000041DFEE /* Frameworks */ = {
			isa = PBXFrameworksBuildPhase;
			buildActionMask = 2147483647;
			files = (
			);
			runOnlyForDeploymentPostprocessing = 0;
		};
/* End PBXFrameworksBuildPhase section */

/* Begin PBXGroup section */
		AABB00040000000000000001 /* CrownSpinTests */ = {
			isa = PBXGroup;
			children = (
				AABB00020000000000000001 /* HapticPatternTests.swift */,
				AABB00020000000000000002 /* HapticStatsTests.swift */,
				AABB00020000000000000003 /* CrownSpinComplicationTests.swift */,
			);
			path = CrownSpinTests;
			sourceTree = "<group>";
		};
		C01234540000000000000001 = {
			isa = PBXGroup;
			children = (
				C01234540000000000000002 /* CrownSpin Watch App */,
				DFF9BB592F3589000041DFEE /* CrownSpin Complication */,
				AABB00040000000000000001 /* CrownSpinTests */,
				C01234540000000000000003 /* Products */,
			);
			sourceTree = "<group>";
		};
		C01234540000000000000002 /* CrownSpin Watch App */ = {
			isa = PBXGroup;
			children = (
				AABB00020000000000000020 /* CrownSpin Watch App.entitlements */,
				DFF9BB3C2F3588300041DFEE /* CrownSpinComplication.swift */,
				DFF9BB3D2F3588300041DFEE /* HapticStats.swift */,
				DFF9BB3E2F3588300041DFEE /* PatternPicker.swift */,
				DFF9BB3F2F3588300041DFEE /* StatsView.swift */,
				C01234550000000000000001 /* CrownSpinApp.swift */,
				C01234550000000000000002 /* ContentView.swift */,
				C01234550000000000000004 /* HapticPattern.swift */,
				C01234550000000000000005 /* Assets.xcassets */,
				C01234550000000000000006 /* Info.plist */,
				BEEF00110000000000000001 /* PrivacyInfo.xcprivacy */,
			);
			path = "CrownSpin Watch App";
			sourceTree = "<group>";
		};
		C01234540000000000000003 /* Products */ = {
			isa = PBXGroup;
			children = (
				BEEF00040000000000000001 /* CrownSpin.app */,
				C01234550000000000000010 /* CrownSpin Watch App.app */,
				DFF9BB522F3589000041DFEE /* CrownSpin Complication.appex */,
				AABB00020000000000000010 /* CrownSpinTests.xctest */,
			);
			name = Products;
			sourceTree = "<group>";
		};
		DFF9BB592F3589000041DFEE /* CrownSpin Complication */ = {
			isa = PBXGroup;
			children = (
				AABB00020000000000000021 /* CrownSpin Complication.entitlements */,
				DFF9BB502F3589000041DFEE /* ComplicationBundle.swift */,
				DFF9BB512F3589000041DFEE /* Assets.xcassets */,
				DFF9BB532F3589000041DFEE /* Info.plist */,
				BEEF00110000000000000002 /* PrivacyInfo.xcprivacy */,
			);
			path = "CrownSpin Complication";
			sourceTree = "<group>";
		};
/* End PBXGroup section */

/* Begin PBXNativeTarget section */
		BEEF00060000000000000001 /* CrownSpin */ = {
			isa = PBXNativeTarget;
			buildConfigurationList = BEEF000A0000000000000001 /* Build configuration list for PBXNativeTarget "CrownSpin" */;
			buildPhases = (
				BEEF00070000000000000001 /* Resources */,
				BEEF00030000000000000001 /* Embed Watch Content */,
			);
			buildRules = (
			);
			dependencies = (
				BEEF00080000000000000001 /* PBXTargetDependency */,
			);
			name = CrownSpin;
			productName = CrownSpin;
			productReference = BEEF00040000000000000001 /* CrownSpin.app */;
			productType = "com.apple.product-type.application.watchapp2-container";
		};
		AABB00050000000000000001 /* CrownSpinTests */ = {
			isa = PBXNativeTarget;
			buildConfigurationList = AABB00080000000000000001 /* Build configuration list for PBXNativeTarget "CrownSpinTests" */;
			buildPhases = (
				AABB00060000000000000001 /* Sources */,
				AABB00030000000000000001 /* Frameworks */,
			);
			buildRules = (
			);
			dependencies = (
			);
			name = CrownSpinTests;
			productName = CrownSpinTests;
			productReference = AABB00020000000000000010 /* CrownSpinTests.xctest */;
			productType = "com.apple.product-type.bundle.unit-test";
		};
		C01234570000000000000001 /* CrownSpin Watch App */ = {
			isa = PBXNativeTarget;
			buildConfigurationList = C012345A0000000000000001 /* Build configuration list for PBXNativeTarget "CrownSpin Watch App" */;
			buildPhases = (
				C01234580000000000000002 /* Sources */,
				C01234580000000000000001 /* Frameworks */,
				C01234580000000000000003 /* Resources */,
				DFF9BB5D2F3589000041DFEE /* Embed Foundation Extensions */,
			);
			buildRules = (
			);
			dependencies = (
				DFF9BB5F2F3589000041DFEE /* PBXTargetDependency */,
			);
			name = "CrownSpin Watch App";
			productName = "CrownSpin Watch App";
			productReference = C01234550000000000000010 /* CrownSpin Watch App.app */;
			productType = "com.apple.product-type.application";
		};
		DFF9BB602F3589000041DFEE /* CrownSpin Complication */ = {
			isa = PBXNativeTarget;
			buildConfigurationList = DFF9BB632F3589000041DFEE /* Build configuration list for PBXNativeTarget "CrownSpin Complication" */;
			buildPhases = (
				DFF9BB5A2F3589000041DFEE /* Sources */,
				DFF9BB5B2F3589000041DFEE /* Frameworks */,
				DFF9BB5C2F3589000041DFEE /* Resources */,
			);
			buildRules = (
			);
			dependencies = (
			);
			name = "CrownSpin Complication";
			productName = "CrownSpin Complication";
			productReference = DFF9BB522F3589000041DFEE /* CrownSpin Complication.appex */;
			productType = "com.apple.product-type.app-extension";
		};
/* End PBXNativeTarget section */

/* Begin PBXProject section */
		C01234530000000000000001 /* Project object */ = {
			isa = PBXProject;
			attributes = {
				BuildIndependentTargetsInParallel = 1;
				LastSwiftUpdateCheck = 1500;
				LastUpgradeCheck = 2620;
					TargetAttributes = {
						AABB00050000000000000001 = {
							CreatedOnToolsVersion = 15.0;
						};
						BEEF00060000000000000001 = {
							CreatedOnToolsVersion = 26.5;
						};
						C01234570000000000000001 = {
							CreatedOnToolsVersion = 15.0;
						};
					DFF9BB602F3589000041DFEE = {
						CreatedOnToolsVersion = 15.0;
					};
				};
			};
			buildConfigurationList = C012345A0000000000000002 /* Build configuration list for PBXProject "CrownSpin" */;
			compatibilityVersion = "Xcode 14.0";
			developmentRegion = en;
			hasScannedForEncodings = 0;
			knownRegions = (
				en,
				Base,
			);
			mainGroup = C01234540000000000000001;
			productRefGroup = C01234540000000000000003 /* Products */;
			projectDirPath = "";
			projectRoot = "";
			targets = (
				BEEF00060000000000000001 /* CrownSpin */,
				C01234570000000000000001 /* CrownSpin Watch App */,
				DFF9BB602F3589000041DFEE /* CrownSpin Complication */,
				AABB00050000000000000001 /* CrownSpinTests */,
			);
		};
/* End PBXProject section */

/* Begin PBXResourcesBuildPhase section */
		BEEF00070000000000000001 /* Resources */ = {
			isa = PBXResourcesBuildPhase;
			buildActionMask = 2147483647;
			files = (
			);
			runOnlyForDeploymentPostprocessing = 0;
		};
		C01234580000000000000003 /* Resources */ = {
			isa = PBXResourcesBuildPhase;
			buildActionMask = 2147483647;
			files = (
				C01234560000000000000005 /* Assets.xcassets in Resources */,
				BEEF00120000000000000001 /* PrivacyInfo.xcprivacy in Resources */,
			);
			runOnlyForDeploymentPostprocessing = 0;
		};
		DFF9BB5C2F3589000041DFEE /* Resources */ = {
			isa = PBXResourcesBuildPhase;
			buildActionMask = 2147483647;
			files = (
				DFF9BB572F3589000041DFEE /* Assets.xcassets in Resources */,
				BEEF00120000000000000002 /* PrivacyInfo.xcprivacy in Resources */,
			);
			runOnlyForDeploymentPostprocessing = 0;
		};
/* End PBXResourcesBuildPhase section */

/* Begin PBXSourcesBuildPhase section */
		AABB00060000000000000001 /* Sources */ = {
			isa = PBXSourcesBuildPhase;
			buildActionMask = 2147483647;
			files = (
				AABB00010000000000000004 /* HapticPattern.swift in Sources */,
				AABB00010000000000000005 /* HapticStats.swift in Sources */,
				AABB00010000000000000006 /* CrownSpinComplication.swift in Sources */,
				AABB00010000000000000001 /* HapticPatternTests.swift in Sources */,
				AABB00010000000000000002 /* HapticStatsTests.swift in Sources */,
				AABB00010000000000000003 /* CrownSpinComplicationTests.swift in Sources */,
			);
			runOnlyForDeploymentPostprocessing = 0;
		};
		C01234580000000000000002 /* Sources */ = {
			isa = PBXSourcesBuildPhase;
			buildActionMask = 2147483647;
			files = (
				C01234560000000000000001 /* CrownSpinApp.swift in Sources */,
				C01234560000000000000002 /* ContentView.swift in Sources */,
				DFF9BB402F3588300041DFEE /* PatternPicker.swift in Sources */,
				DFF9BB422F3588300041DFEE /* HapticStats.swift in Sources */,
				DFF9BB432F3588300041DFEE /* StatsView.swift in Sources */,
				C01234560000000000000004 /* HapticPattern.swift in Sources */,
			);
			runOnlyForDeploymentPostprocessing = 0;
		};
		DFF9BB5A2F3589000041DFEE /* Sources */ = {
			isa = PBXSourcesBuildPhase;
			buildActionMask = 2147483647;
			files = (
				DFF9BB542F3589000041DFEE /* ComplicationBundle.swift in Sources */,
				DFF9BB552F3589000041DFEE /* CrownSpinComplication.swift in Sources */,
				DFF9BB562F3589000041DFEE /* HapticPattern.swift in Sources */,
			);
			runOnlyForDeploymentPostprocessing = 0;
		};
/* End PBXSourcesBuildPhase section */

/* Begin PBXTargetDependency section */
		BEEF00080000000000000001 /* PBXTargetDependency */ = {
			isa = PBXTargetDependency;
			target = C01234570000000000000001 /* CrownSpin Watch App */;
			targetProxy = BEEF00020000000000000001 /* PBXContainerItemProxy */;
		};
		DFF9BB5F2F3589000041DFEE /* PBXTargetDependency */ = {
			isa = PBXTargetDependency;
			target = DFF9BB602F3589000041DFEE /* CrownSpin Complication */;
			targetProxy = DFF9BB5E2F3589000041DFEE /* PBXContainerItemProxy */;
		};
/* End PBXTargetDependency section */

/* Begin XCBuildConfiguration section */
		BEEF00090000000000000001 /* Debug */ = {
			isa = XCBuildConfiguration;
			buildSettings = {
				CODE_SIGN_STYLE = Automatic;
				CURRENT_PROJECT_VERSION = 15;
				DEVELOPMENT_TEAM = 5736QK4NZX;
				GENERATE_INFOPLIST_FILE = YES;
				INFOPLIST_KEY_CFBundleDisplayName = "Endless Crown";
				MARKETING_VERSION = 1.0.1;
				PRODUCT_BUNDLE_IDENTIFIER = media.jenny.crownspin;
				PRODUCT_NAME = "$(TARGET_NAME)";
				SDKROOT = iphoneos;
			};
			name = Debug;
		};
		BEEF00090000000000000002 /* Release */ = {
			isa = XCBuildConfiguration;
			buildSettings = {
				CODE_SIGN_STYLE = Automatic;
				CURRENT_PROJECT_VERSION = 15;
				DEVELOPMENT_TEAM = 5736QK4NZX;
				GENERATE_INFOPLIST_FILE = YES;
				INFOPLIST_KEY_CFBundleDisplayName = "Endless Crown";
				MARKETING_VERSION = 1.0.1;
				PRODUCT_BUNDLE_IDENTIFIER = media.jenny.crownspin;
				PRODUCT_NAME = "$(TARGET_NAME)";
				SDKROOT = iphoneos;
				VALIDATE_PRODUCT = YES;
			};
			name = Release;
		};
		AABB00070000000000000001 /* Debug */ = {
			isa = XCBuildConfiguration;
			buildSettings = {
				CODE_SIGN_STYLE = Automatic;
				CURRENT_PROJECT_VERSION = 15;
				DEVELOPMENT_TEAM = 5736QK4NZX;
				GENERATE_INFOPLIST_FILE = YES;
				PRODUCT_BUNDLE_IDENTIFIER = media.jenny.crownspin.watchapp.tests;
				PRODUCT_NAME = "$(TARGET_NAME)";
				SDKROOT = watchos;
				SWIFT_EMIT_LOC_STRINGS = NO;
				SWIFT_VERSION = 5.0;
				TARGETED_DEVICE_FAMILY = 4;
				WATCHOS_DEPLOYMENT_TARGET = 10.0;
			};
			name = Debug;
		};
		AABB00070000000000000002 /* Release */ = {
			isa = XCBuildConfiguration;
			buildSettings = {
				CODE_SIGN_STYLE = Automatic;
				CURRENT_PROJECT_VERSION = 15;
				DEVELOPMENT_TEAM = 5736QK4NZX;
				GENERATE_INFOPLIST_FILE = YES;
				PRODUCT_BUNDLE_IDENTIFIER = media.jenny.crownspin.watchapp.tests;
				PRODUCT_NAME = "$(TARGET_NAME)";
				SDKROOT = watchos;
				SWIFT_EMIT_LOC_STRINGS = NO;
				SWIFT_VERSION = 5.0;
				TARGETED_DEVICE_FAMILY = 4;
				WATCHOS_DEPLOYMENT_TARGET = 10.0;
			};
			name = Release;
		};
		C01234590000000000000001 /* Debug */ = {
			isa = XCBuildConfiguration;
			buildSettings = {
				ASSETCATALOG_COMPILER_APPICON_NAME = AppIcon;
				ASSETCATALOG_COMPILER_GLOBAL_ACCENT_COLOR_NAME = AccentColor;
				ASSETCATALOG_COMPILER_INCLUDE_ALL_APPICON_ASSETS = NO;
				CODE_SIGN_ENTITLEMENTS = "CrownSpin Watch App/CrownSpin Watch App.entitlements";
				CODE_SIGN_STYLE = Automatic;
				CURRENT_PROJECT_VERSION = 15;
				DEVELOPMENT_TEAM = 5736QK4NZX;
				GENERATE_INFOPLIST_FILE = YES;
				INFOPLIST_FILE = "CrownSpin Watch App/Info.plist";
				INFOPLIST_KEY_CFBundleDisplayName = "Endless Crown";
				INFOPLIST_KEY_UISupportedInterfaceOrientations = "UIInterfaceOrientationPortrait UIInterfaceOrientationPortraitUpsideDown";
				INFOPLIST_KEY_WKApplication = YES;
				INFOPLIST_KEY_WKWatchOnly = YES;
				LD_RUNPATH_SEARCH_PATHS = (
					"$(inherited)",
					"@executable_path/Frameworks",
				);
				MARKETING_VERSION = 1.0.1;
				PRODUCT_BUNDLE_IDENTIFIER = media.jenny.crownspin.watchapp;
				PRODUCT_NAME = "$(TARGET_NAME)";
				SDKROOT = watchos;
				SKIP_INSTALL = YES;
				SWIFT_EMIT_LOC_STRINGS = YES;
				SWIFT_VERSION = 5.0;
				TARGETED_DEVICE_FAMILY = 4;
				WATCHOS_DEPLOYMENT_TARGET = 10.0;
			};
			name = Debug;
		};
		C01234590000000000000002 /* Release */ = {
			isa = XCBuildConfiguration;
			buildSettings = {
				ASSETCATALOG_COMPILER_APPICON_NAME = AppIcon;
				ASSETCATALOG_COMPILER_GLOBAL_ACCENT_COLOR_NAME = AccentColor;
				ASSETCATALOG_COMPILER_INCLUDE_ALL_APPICON_ASSETS = NO;
				CODE_SIGN_ENTITLEMENTS = "CrownSpin Watch App/CrownSpin Watch App.entitlements";
				CODE_SIGN_STYLE = Automatic;
				CURRENT_PROJECT_VERSION = 15;
				DEVELOPMENT_TEAM = 5736QK4NZX;
				GENERATE_INFOPLIST_FILE = YES;
				INFOPLIST_FILE = "CrownSpin Watch App/Info.plist";
				INFOPLIST_KEY_CFBundleDisplayName = "Endless Crown";
				INFOPLIST_KEY_UISupportedInterfaceOrientations = "UIInterfaceOrientationPortrait UIInterfaceOrientationPortraitUpsideDown";
				INFOPLIST_KEY_WKApplication = YES;
				INFOPLIST_KEY_WKWatchOnly = YES;
				LD_RUNPATH_SEARCH_PATHS = (
					"$(inherited)",
					"@executable_path/Frameworks",
				);
				MARKETING_VERSION = 1.0.1;
				PRODUCT_BUNDLE_IDENTIFIER = media.jenny.crownspin.watchapp;
				PRODUCT_NAME = "$(TARGET_NAME)";
				SDKROOT = watchos;
				SKIP_INSTALL = YES;
				SWIFT_EMIT_LOC_STRINGS = YES;
				SWIFT_VERSION = 5.0;
				TARGETED_DEVICE_FAMILY = 4;
				WATCHOS_DEPLOYMENT_TARGET = 10.0;
			};
			name = Release;
		};
		C01234590000000000000003 /* Debug */ = {
			isa = XCBuildConfiguration;
			buildSettings = {
				ALWAYS_SEARCH_USER_PATHS = NO;
				ASSETCATALOG_COMPILER_GENERATE_SWIFT_ASSET_SYMBOL_EXTENSIONS = YES;
				CLANG_ANALYZER_NONNULL = YES;
				CLANG_ANALYZER_NUMBER_OBJECT_CONVERSION = YES_AGGRESSIVE;
				CLANG_CXX_LANGUAGE_STANDARD = "gnu++20";
				CLANG_ENABLE_MODULES = YES;
				CLANG_ENABLE_OBJC_ARC = YES;
				CLANG_ENABLE_OBJC_WEAK = YES;
				CLANG_WARN_BLOCK_CAPTURE_AUTORELEASING = YES;
				CLANG_WARN_BOOL_CONVERSION = YES;
				CLANG_WARN_COMMA = YES;
				CLANG_WARN_CONSTANT_CONVERSION = YES;
				CLANG_WARN_DEPRECATED_OBJC_IMPLEMENTATIONS = YES;
				CLANG_WARN_DIRECT_OBJC_ISA_USAGE = YES_ERROR;
				CLANG_WARN_DOCUMENTATION_COMMENTS = YES;
				CLANG_WARN_EMPTY_BODY = YES;
				CLANG_WARN_ENUM_CONVERSION = YES;
				CLANG_WARN_INFINITE_RECURSION = YES;
				CLANG_WARN_INT_CONVERSION = YES;
				CLANG_WARN_NON_LITERAL_NULL_CONVERSION = YES;
				CLANG_WARN_OBJC_IMPLICIT_RETAIN_SELF = YES;
				CLANG_WARN_OBJC_LITERAL_CONVERSION = YES;
				CLANG_WARN_OBJC_ROOT_CLASS = YES_ERROR;
				CLANG_WARN_QUOTED_INCLUDE_IN_FRAMEWORK_HEADER = YES;
				CLANG_WARN_RANGE_LOOP_ANALYSIS = YES;
				CLANG_WARN_STRICT_PROTOTYPES = YES;
				CLANG_WARN_SUSPICIOUS_MOVE = YES;
				CLANG_WARN_UNGUARDED_AVAILABILITY = YES_AGGRESSIVE;
				CLANG_WARN_UNREACHABLE_CODE = YES;
				CLANG_WARN__DUPLICATE_METHOD_MATCH = YES;
				COPY_PHASE_STRIP = NO;
				DEAD_CODE_STRIPPING = YES;
				DEBUG_INFORMATION_FORMAT = dwarf;
				ENABLE_STRICT_OBJC_MSGSEND = YES;
				ENABLE_TESTABILITY = YES;
				ENABLE_USER_SCRIPT_SANDBOXING = YES;
				GCC_C_LANGUAGE_STANDARD = gnu17;
				GCC_DYNAMIC_NO_PIC = NO;
				GCC_NO_COMMON_BLOCKS = YES;
				GCC_OPTIMIZATION_LEVEL = 0;
				GCC_PREPROCESSOR_DEFINITIONS = (
					"DEBUG=1",
					"$(inherited)",
				);
				GCC_WARN_64_TO_32_BIT_CONVERSION = YES;
				GCC_WARN_ABOUT_RETURN_TYPE = YES_ERROR;
				GCC_WARN_UNDECLARED_SELECTOR = YES;
				GCC_WARN_UNINITIALIZED_AUTOS = YES_AGGRESSIVE;
				GCC_WARN_UNUSED_FUNCTION = YES;
				GCC_WARN_UNUSED_VARIABLE = YES;
				LOCALIZATION_PREFERS_STRING_CATALOGS = YES;
				MTL_ENABLE_DEBUG_INFO = INCLUDE_SOURCE;
				MTL_FAST_MATH = YES;
				ONLY_ACTIVE_ARCH = YES;
				STRING_CATALOG_GENERATE_SYMBOLS = YES;
				SWIFT_ACTIVE_COMPILATION_CONDITIONS = "DEBUG $(inherited)";
				SWIFT_OPTIMIZATION_LEVEL = "-Onone";
			};
			name = Debug;
		};
		C01234590000000000000004 /* Release */ = {
			isa = XCBuildConfiguration;
			buildSettings = {
				ALWAYS_SEARCH_USER_PATHS = NO;
				ASSETCATALOG_COMPILER_GENERATE_SWIFT_ASSET_SYMBOL_EXTENSIONS = YES;
				CLANG_ANALYZER_NONNULL = YES;
				CLANG_ANALYZER_NUMBER_OBJECT_CONVERSION = YES_AGGRESSIVE;
				CLANG_CXX_LANGUAGE_STANDARD = "gnu++20";
				CLANG_ENABLE_MODULES = YES;
				CLANG_ENABLE_OBJC_ARC = YES;
				CLANG_ENABLE_OBJC_WEAK = YES;
				CLANG_WARN_BLOCK_CAPTURE_AUTORELEASING = YES;
				CLANG_WARN_BOOL_CONVERSION = YES;
				CLANG_WARN_COMMA = YES;
				CLANG_WARN_CONSTANT_CONVERSION = YES;
				CLANG_WARN_DEPRECATED_OBJC_IMPLEMENTATIONS = YES;
				CLANG_WARN_DIRECT_OBJC_ISA_USAGE = YES_ERROR;
				CLANG_WARN_DOCUMENTATION_COMMENTS = YES;
				CLANG_WARN_EMPTY_BODY = YES;
				CLANG_WARN_ENUM_CONVERSION = YES;
				CLANG_WARN_INFINITE_RECURSION = YES;
				CLANG_WARN_INT_CONVERSION = YES;
				CLANG_WARN_NON_LITERAL_NULL_CONVERSION = YES;
				CLANG_WARN_OBJC_IMPLICIT_RETAIN_SELF = YES;
				CLANG_WARN_OBJC_LITERAL_CONVERSION = YES;
				CLANG_WARN_OBJC_ROOT_CLASS = YES_ERROR;
				CLANG_WARN_QUOTED_INCLUDE_IN_FRAMEWORK_HEADER = YES;
				CLANG_WARN_RANGE_LOOP_ANALYSIS = YES;
				CLANG_WARN_STRICT_PROTOTYPES = YES;
				CLANG_WARN_SUSPICIOUS_MOVE = YES;
				CLANG_WARN_UNGUARDED_AVAILABILITY = YES_AGGRESSIVE;
				CLANG_WARN_UNREACHABLE_CODE = YES;
				CLANG_WARN__DUPLICATE_METHOD_MATCH = YES;
				COPY_PHASE_STRIP = NO;
				DEAD_CODE_STRIPPING = YES;
				DEBUG_INFORMATION_FORMAT = "dwarf-with-dsym";
				ENABLE_NS_ASSERTIONS = NO;
				ENABLE_STRICT_OBJC_MSGSEND = YES;
				ENABLE_USER_SCRIPT_SANDBOXING = YES;
				GCC_C_LANGUAGE_STANDARD = gnu17;
				GCC_NO_COMMON_BLOCKS = YES;
				GCC_WARN_64_TO_32_BIT_CONVERSION = YES;
				GCC_WARN_ABOUT_RETURN_TYPE = YES_ERROR;
				GCC_WARN_UNDECLARED_SELECTOR = YES;
				GCC_WARN_UNINITIALIZED_AUTOS = YES_AGGRESSIVE;
				GCC_WARN_UNUSED_FUNCTION = YES;
				GCC_WARN_UNUSED_VARIABLE = YES;
				LOCALIZATION_PREFERS_STRING_CATALOGS = YES;
				MTL_ENABLE_DEBUG_INFO = NO;
				MTL_FAST_MATH = YES;
				STRING_CATALOG_GENERATE_SYMBOLS = YES;
				SWIFT_COMPILATION_MODE = wholemodule;
			};
			name = Release;
		};
		DFF9BB612F3589000041DFEE /* Debug */ = {
			isa = XCBuildConfiguration;
			buildSettings = {
				ASSETCATALOG_COMPILER_GLOBAL_ACCENT_COLOR_NAME = AccentColor;
				CODE_SIGN_ENTITLEMENTS = "CrownSpin Complication/CrownSpin Complication.entitlements";
				CODE_SIGN_STYLE = Automatic;
				CURRENT_PROJECT_VERSION = 15;
				DEVELOPMENT_TEAM = 5736QK4NZX;
				GENERATE_INFOPLIST_FILE = YES;
				INFOPLIST_FILE = "CrownSpin Complication/Info.plist";
				INFOPLIST_KEY_CFBundleDisplayName = "Endless Crown";
				INFOPLIST_KEY_NSHumanReadableCopyright = "";
				LD_RUNPATH_SEARCH_PATHS = (
					"$(inherited)",
					"@executable_path/Frameworks",
					"@executable_path/../../Frameworks",
				);
				MARKETING_VERSION = 1.0.1;
				PRODUCT_BUNDLE_IDENTIFIER = media.jenny.crownspin.watchapp.widget;
				PRODUCT_NAME = "$(TARGET_NAME)";
				SDKROOT = watchos;
				SKIP_INSTALL = YES;
				SWIFT_EMIT_LOC_STRINGS = YES;
				SWIFT_VERSION = 5.0;
				TARGETED_DEVICE_FAMILY = 4;
				WATCHOS_DEPLOYMENT_TARGET = 10.0;
			};
			name = Debug;
		};
		DFF9BB622F3589000041DFEE /* Release */ = {
			isa = XCBuildConfiguration;
			buildSettings = {
				ASSETCATALOG_COMPILER_GLOBAL_ACCENT_COLOR_NAME = AccentColor;
				CODE_SIGN_ENTITLEMENTS = "CrownSpin Complication/CrownSpin Complication.entitlements";
				CODE_SIGN_STYLE = Automatic;
				CURRENT_PROJECT_VERSION = 15;
				DEVELOPMENT_TEAM = 5736QK4NZX;
				GENERATE_INFOPLIST_FILE = YES;
				INFOPLIST_FILE = "CrownSpin Complication/Info.plist";
				INFOPLIST_KEY_CFBundleDisplayName = "Endless Crown";
				INFOPLIST_KEY_NSHumanReadableCopyright = "";
				LD_RUNPATH_SEARCH_PATHS = (
					"$(inherited)",
					"@executable_path/Frameworks",
					"@executable_path/../../Frameworks",
				);
				MARKETING_VERSION = 1.0.1;
				PRODUCT_BUNDLE_IDENTIFIER = media.jenny.crownspin.watchapp.widget;
				PRODUCT_NAME = "$(TARGET_NAME)";
				SDKROOT = watchos;
				SKIP_INSTALL = YES;
				SWIFT_EMIT_LOC_STRINGS = YES;
				SWIFT_VERSION = 5.0;
				TARGETED_DEVICE_FAMILY = 4;
				WATCHOS_DEPLOYMENT_TARGET = 10.0;
			};
			name = Release;
		};
/* End XCBuildConfiguration section */

/* Begin XCConfigurationList section */
		BEEF000A0000000000000001 /* Build configuration list for PBXNativeTarget "CrownSpin" */ = {
			isa = XCConfigurationList;
			buildConfigurations = (
				BEEF00090000000000000001 /* Debug */,
				BEEF00090000000000000002 /* Release */,
			);
			defaultConfigurationIsVisible = 0;
			defaultConfigurationName = Release;
		};
		AABB00080000000000000001 /* Build configuration list for PBXNativeTarget "CrownSpinTests" */ = {
			isa = XCConfigurationList;
			buildConfigurations = (
				AABB00070000000000000001 /* Debug */,
				AABB00070000000000000002 /* Release */,
			);
			defaultConfigurationIsVisible = 0;
			defaultConfigurationName = Release;
		};
		C012345A0000000000000001 /* Build configuration list for PBXNativeTarget "CrownSpin Watch App" */ = {
			isa = XCConfigurationList;
			buildConfigurations = (
				C01234590000000000000001 /* Debug */,
				C01234590000000000000002 /* Release */,
			);
			defaultConfigurationIsVisible = 0;
			defaultConfigurationName = Release;
		};
		C012345A0000000000000002 /* Build configuration list for PBXProject "CrownSpin" */ = {
			isa = XCConfigurationList;
			buildConfigurations = (
				C01234590000000000000003 /* Debug */,
				C01234590000000000000004 /* Release */,
			);
			defaultConfigurationIsVisible = 0;
			defaultConfigurationName = Release;
		};
		DFF9BB632F3589000041DFEE /* Build configuration list for PBXNativeTarget "CrownSpin Complication" */ = {
			isa = XCConfigurationList;
			buildConfigurations = (
				DFF9BB612F3589000041DFEE /* Debug */,
				DFF9BB622F3589000041DFEE /* Release */,
			);
			defaultConfigurationIsVisible = 0;
			defaultConfigurationName = Release;
		};
/* End XCConfigurationList section */
	};
	rootObject = C01234530000000000000001 /* Project object */;
}
